// !$*UTF8*$!
{
	archiveVersion = 1;
	classes = {
	};
	objectVersion = 46;
	objects = {

/* Begin PBXBuildFile section */
		44050C751CD7F38A00033F37 /* HartSpinnerView.swift in Sources */ = {isa = PBXBuildFile; fileRef = 44050C741CD7F38A00033F37 /* HartSpinnerView.swift */; };
		4405C9601CE4EC06002CB86D /* ExtendedVC.swift in Sources */ = {isa = PBXBuildFile; fileRef = 4405C95F1CE4EC06002CB86D /* ExtendedVC.swift */; };
		4405C9621CE4ECC5002CB86D /* ExtendedVC+HartSpinner.swift in Sources */ = {isa = PBXBuildFile; fileRef = 4405C9611CE4ECC5002CB86D /* ExtendedVC+HartSpinner.swift */; };
		442209EF1CD97A65001EF552 /* SomeSpinner.swift in Sources */ = {isa = PBXBuildFile; fileRef = 442209EE1CD97A65001EF552 /* SomeSpinner.swift */; };
		443B97491CDC57BD0040173F /* StepsLoader.swift in Sources */ = {isa = PBXBuildFile; fileRef = 443B97481CDC57BD0040173F /* StepsLoader.swift */; };
		44E0C8EF1CD7C2C300EFA315 /* AppDelegate.swift in Sources */ = {isa = PBXBuildFile; fileRef = 44E0C8EE1CD7C2C300EFA315 /* AppDelegate.swift */; };
		44E0C8F11CD7C2C300EFA315 /* ViewController.swift in Sources */ = {isa = PBXBuildFile; fileRef = 44E0C8F01CD7C2C300EFA315 /* ViewController.swift */; };
		44E0C8F41CD7C2C300EFA315 /* Main.storyboard in Resources */ = {isa = PBXBuildFile; fileRef = 44E0C8F21CD7C2C300EFA315 /* Main.storyboard */; };
		44E0C8F61CD7C2C300EFA315 /* Assets.xcassets in Resources */ = {isa = PBXBuildFile; fileRef = 44E0C8F51CD7C2C300EFA315 /* Assets.xcassets */; };
		44E0C8F91CD7C2C300EFA315 /* LaunchScreen.storyboard in Resources */ = {isa = PBXBuildFile; fileRef = 44E0C8F71CD7C2C300EFA315 /* LaunchScreen.storyboard */; };
/* End PBXBuildFile section */

/* Begin PBXFileReference section */
		44050C741CD7F38A00033F37 /* HartSpinnerView.swift */ = {isa = PBXFileReference; fileEncoding = 4; lastKnownFileType = sourcecode.swift; path = HartSpinnerView.swift; sourceTree = "<group>"; };
		4405C95F1CE4EC06002CB86D /* ExtendedVC.swift */ = {isa = PBXFileReference; fileEncoding = 4; lastKnownFileType = sourcecode.swift; path = ExtendedVC.swift; sourceTree = "<group>"; };
		4405C9611CE4ECC5002CB86D /* ExtendedVC+HartSpinner.swift */ = {isa = PBXFileReference; fileEncoding = 4; lastKnownFileType = sourcecode.swift; path = "ExtendedVC+HartSpinner.swift"; sourceTree = "<group>"; };
		442209EE1CD97A65001EF552 /* SomeSpinner.swift */ = {isa = PBXFileReference; fileEncoding = 4; lastKnownFileType = sourcecode.swift; path = SomeSpinner.swift; sourceTree = "<group>"; };
		443B97481CDC57BD0040173F /* StepsLoader.swift */ = {isa = PBXFileReference; fileEncoding = 4; lastKnownFileType = sourcecode.swift; path = StepsLoader.swift; sourceTree = "<group>"; };
		44E0C8EB1CD7C2C300EFA315 /* demoProject.app */ = {isa = PBXFileReference; explicitFileType = wrapper.application; includeInIndex = 0; path = demoProject.app; sourceTree = BUILT_PRODUCTS_DIR; };
		44E0C8EE1CD7C2C300EFA315 /* AppDelegate.swift */ = {isa = PBXFileReference; lastKnownFileType = sourcecode.swift; path = AppDelegate.swift; sourceTree = "<group>"; };
		44E0C8F01CD7C2C300EFA315 /* ViewController.swift */ = {isa = PBXFileReference; lastKnownFileType = sourcecode.swift; path = ViewController.swift; sourceTree = "<group>"; };
		44E0C8F31CD7C2C300EFA315 /* Base */ = {isa = PBXFileReference; lastKnownFileType = file.storyboard; name = Base; path = Base.lproj/Main.storyboard; sourceTree = "<group>"; };
		44E0C8F51CD7C2C300EFA315 /* Assets.xcassets */ = {isa = PBXFileReference; lastKnownFileType = folder.assetcatalog; path = Assets.xcassets; sourceTree = "<group>"; };
		44E0C8F81CD7C2C300EFA315 /* Base */ = {isa = PBXFileReference; lastKnownFileType = file.storyboard; name = Base; path = Base.lproj/LaunchScreen.storyboard; sourceTree = "<group>"; };
		44E0C8FA1CD7C2C300EFA315 /* Info.plist */ = {isa = PBXFileReference; lastKnownFileType = text.plist.xml; path = Info.plist; sourceTree = "<group>"; };
/* End PBXFileReference section */

/* Begin PBXFrameworksBuildPhase section */
		44E0C8E81CD7C2C300EFA315 /* Frameworks */ = {
			isa = PBXFrameworksBuildPhase;
			buildActionMask = 2147483647;
			files = (
			);
			runOnlyForDeploymentPostprocessing = 0;
		};
/* End PBXFrameworksBuildPhase section */

/* Begin PBXGroup section */
		4405C95E1CE4EBDB002CB86D /* ExtendedVC */ = {
			isa = PBXGroup;
			children = (
				4405C95F1CE4EC06002CB86D /* ExtendedVC.swift */,
				4405C9611CE4ECC5002CB86D /* ExtendedVC+HartSpinner.swift */,
			);
			name = ExtendedVC;
			sourceTree = "<group>";
		};
		44E0C8E21CD7C2C300EFA315 = {
			isa = PBXGroup;
			children = (
				44E0C8ED1CD7C2C300EFA315 /* demoProject */,
				44E0C8EC1CD7C2C300EFA315 /* Products */,
			);
			sourceTree = "<group>";
		};
		44E0C8EC1CD7C2C300EFA315 /* Products */ = {
			isa = PBXGroup;
			children = (
				44E0C8EB1CD7C2C300EFA315 /* demoProject.app */,
			);
			name = Products;
			sourceTree = "<group>";
		};
		44E0C8ED1CD7C2C300EFA315 /* demoProject */ = {
			isa = PBXGroup;
			children = (
				4405C95E1CE4EBDB002CB86D /* ExtendedVC */,
				44E0C8EE1CD7C2C300EFA315 /* AppDelegate.swift */,
				44E0C8F01CD7C2C300EFA315 /* ViewController.swift */,
				442209EE1CD97A65001EF552 /* SomeSpinner.swift */,
				443B97481CDC57BD0040173F /* StepsLoader.swift */,
				44050C741CD7F38A00033F37 /* HartSpinnerView.swift */,
				44E0C8F21CD7C2C300EFA315 /* Main.storyboard */,
				44E0C8F51CD7C2C300EFA315 /* Assets.xcassets */,
				44E0C8F71CD7C2C300EFA315 /* LaunchScreen.storyboard */,
				44E0C8FA1CD7C2C300EFA315 /* Info.plist */,
			);
			path = demoProject;
			sourceTree = "<group>";
		};
/* End PBXGroup section */

/* Begin PBXNativeTarget section */
		44E0C8EA1CD7C2C300EFA315 /* demoProject */ = {
			isa = PBXNativeTarget;
			buildConfigurationList = 44E0C8FD1CD7C2C300EFA315 /* Build configuration list for PBXNativeTarget "demoProject" */;
			buildPhases = (
				44E0C8E71CD7C2C300EFA315 /* Sources */,
				44E0C8E81CD7C2C300EFA315 /* Frameworks */,
				44E0C8E91CD7C2C300EFA315 /* Resources */,
			);
			buildRules = (
			);
			dependencies = (
			);
			name = demoProject;
			productName = demoProject;
			productReference = 44E0C8EB1CD7C2C300EFA315 /* demoProject.app */;
			productType = "com.apple.product-type.application";
		};
/* End PBXNativeTarget section */

/* Begin PBXProject section */
		44E0C8E31CD7C2C300EFA315 /* Project object */ = {
			isa = PBXProject;
			attributes = {
				LastSwiftUpdateCheck = 0730;
				LastUpgradeCheck = 0730;
				ORGANIZATIONNAME = "eugene golovanov";
				TargetAttributes = {
					44E0C8EA1CD7C2C300EFA315 = {
						CreatedOnToolsVersion = 7.3;
					};
				};
			};
			buildConfigurationList = 44E0C8E61CD7C2C300EFA315 /* Build configuration list for PBXProject "demoProject" */;
			compatibilityVersion = "Xcode 3.2";
			developmentRegion = English;
			hasScannedForEncodings = 0;
			knownRegions = (
				en,
				Base,
			);
			mainGroup = 44E0C8E21CD7C2C300EFA315;
			productRefGroup = 44E0C8EC1CD7C2C300EFA315 /* Products */;
			projectDirPath = "";
			projectRoot = "";
			targets = (
				44E0C8EA1CD7C2C300EFA315 /* demoProject */,
			);
		};
/* End PBXProject section */

/* Begin PBXResourcesBuildPhase section */
		44E0C8E91CD7C2C300EFA315 /* Resources */ = {
			isa = PBXResourcesBuildPhase;
			buildActionMask = 2147483647;
			files = (
				44E0C8F91CD7C2C300EFA315 /* LaunchScreen.storyboard in Resources */,
				44E0C8F61CD7C2C300EFA315 /* Assets.xcassets in Resources */,
				44E0C8F41CD7C2C300EFA315 /* Main.storyboard in Resources */,
			);
			runOnlyForDeploymentPostprocessing = 0;
		};
/* End PBXResourcesBuildPhase section */

/* Begin PBXSourcesBuildPhase section */
		44E0C8E71CD7C2C300EFA315 /* Sources */ = {
			isa = PBXSourcesBuildPhase;
			buildActionMask = 2147483647;
			files = (
				44050C751CD7F38A00033F37 /* HartSpinnerView.swift in Sources */,
				443B97491CDC57BD0040173F /* StepsLoader.swift in Sources */,
				44E0C8F11CD7C2C300EFA315 /* ViewController.swift in Sources */,
				4405C9601CE4EC06002CB86D /* ExtendedVC.swift in Sources */,
				4405C9621CE4ECC5002CB86D /* ExtendedVC+HartSpinner.swift in Sources */,
				44E0C8EF1CD7C2C300EFA315 /* AppDelegate.swift in Sources */,
				442209EF1CD97A65001EF552 /* SomeSpinner.swift in Sources */,
			);
			runOnlyForDeploymentPostprocessing = 0;
		};
/* End PBXSourcesBuildPhase section */

/* Begin PBXVariantGroup section */
		44E0C8F21CD7C2C300EFA315 /* Main.storyboard */ = {
			isa = PBXVariantGroup;
			children = (
				44E0C8F31CD7C2C300EFA315 /* Base */,
			);
			name = Main.storyboard;
			sourceTree = "<group>";
		};
		44E0C8F71CD7C2C300EFA315 /* LaunchScreen.storyboard */ = {
			isa = PBXVariantGroup;
			children = (
				44E0C8F81CD7C2C300EFA315 /* Base */,
			);
			name = LaunchScreen.storyboard;
			sourceTree = "<group>";
		};
/* End PBXVariantGroup section */

/* Begin XCBuildConfiguration section */
		44E0C8FB1CD7C2C300EFA315 /* Debug */ = {
			isa = XCBuildConfiguration;
			buildSettings = {
				ALWAYS_SEARCH_USER_PATHS = NO;
				CLANG_ANALYZER_NONNULL = YES;
				CLANG_CXX_LANGUAGE_STANDARD = "gnu++0x";
				CLANG_CXX_LIBRARY = "libc++";
				CLANG_ENABLE_MODULES = YES;
				CLANG_ENABLE_OBJC_ARC = YES;
				CLANG_WARN_BOOL_CONVERSION = YES;
				CLANG_WARN_CONSTANT_CONVERSION = YES;
				CLANG_WARN_DIRECT_OBJC_ISA_USAGE = YES_ERROR;
				CLANG_WARN_EMPTY_BODY = YES;
				CLANG_WARN_ENUM_CONVERSION = YES;
				CLANG_WARN_INT_CONVERSION = YES;
				CLANG_WARN_OBJC_ROOT_CLASS = YES_ERROR;
				CLANG_WARN_UNREACHABLE_CODE = YES;
				CLANG_WARN__DUPLICATE_METHOD_MATCH = YES;
				"CODE_SIGN_IDENTITY[sdk=iphoneos*]" = "iPhone Developer";
				COPY_PHASE_STRIP = NO;
				DEBUG_INFORMATION_FORMAT = dwarf;
				ENABLE_STRICT_OBJC_MSGSEND = YES;
				ENABLE_TESTABILITY = YES;
				GCC_C_LANGUAGE_STANDARD = gnu99;
				GCC_DYNAMIC_NO_PIC = NO;
				GCC_NO_COMMON_BLOCKS = YES;
				GCC_OPTIMIZATION_LEVEL = 0;
				GCC_PREPROCESSOR_DEFINITIONS = (
					"DEBUG=1",
					"$(inherited)",
				);
				GCC_WARN_64_TO_32_BIT_CONVERSION = YES;
				GCC_WARN_ABOUT_RETURN_TYPE = YES_ERROR;
				GCC_WARN_UNDECLARED_SELECTOR = YES;
				GCC_WARN_UNINITIALIZED_AUTOS = YES_AGGRESSIVE;
				GCC_WARN_UNUSED_FUNCTION = YES;
				GCC_WARN_UNUSED_VARIABLE = YES;
				IPHONEOS_DEPLOYMENT_TARGET = 9.3;
				MTL_ENABLE_DEBUG_INFO = YES;
				ONLY_ACTIVE_ARCH = YES;
				SDKROOT = iphoneos;
				SWIFT_OPTIMIZATION_LEVEL = "-Onone";
				TARGETED_DEVICE_FAMILY = "1,2";
			};
			name = Debug;
		};
		44E0C8FC1CD7C2C300EFA315 /* Release */ = {
			isa = XCBuildConfiguration;
			buildSettings = {
				ALWAYS_SEARCH_USER_PATHS = NO;
				CLANG_ANALYZER_NONNULL = YES;
				CLANG_CXX_LANGUAGE_STANDARD = "gnu++0x";
				CLANG_CXX_LIBRARY = "libc++";
				CLANG_ENABLE_MODULES = YES;
				CLANG_ENABLE_OBJC_ARC = YES;
				CLANG_WARN_BOOL_CONVERSION = YES;
				CLANG_WARN_CONSTANT_CONVERSION = YES;
				CLANG_WARN_DIRECT_OBJC_ISA_USAGE = YES_ERROR;
				CLANG_WARN_EMPTY_BODY = YES;
				CLANG_WARN_ENUM_CONVERSION = YES;
				CLANG_WARN_INT_CONVERSION = YES;
				CLANG_WARN_OBJC_ROOT_CLASS = YES_ERROR;
				CLANG_WARN_UNREACHABLE_CODE = YES;
				CLANG_WARN__DUPLICATE_METHOD_MATCH = YES;
				"CODE_SIGN_IDENTITY[sdk=iphoneos*]" = "iPhone Developer";
				COPY_PHASE_STRIP = NO;
				DEBUG_INFORMATION_FORMAT = "dwarf-with-dsym";
				ENABLE_NS_ASSERTIONS = NO;
				ENABLE_STRICT_OBJC_MSGSEND = YES;
				GCC_C_LANGUAGE_STANDARD = gnu99;
				GCC_NO_COMMON_BLOCKS = YES;
				GCC_WARN_64_TO_32_BIT_CONVERSION = YES;
				GCC_WARN_ABOUT_RETURN_TYPE = YES_ERROR;
				GCC_WARN_UNDECLARED_SELECTOR = YES;
				GCC_WARN_UNINITIALIZED_AUTOS = YES_AGGRESSIVE;
				GCC_WARN_UNUSED_FUNCTION = YES;
				GCC_WARN_UNUSED_VARIABLE = YES;
				IPHONEOS_DEPLOYMENT_TARGET = 9.3;
				MTL_ENABLE_DEBUG_INFO = NO;
				SDKROOT = iphoneos;
				TARGETED_DEVICE_FAMILY = "1,2";
				VALIDATE_PRODUCT = YES;
			};
			name = Release;
		};
		44E0C8FE1CD7C2C300EFA315 /* Debug */ = {
			isa = XCBuildConfiguration;
			buildSettings = {
				ASSETCATALOG_COMPILER_APPICON_NAME = AppIcon;
				INFOPLIST_FILE = demoProject/Info.plist;
				LD_RUNPATH_SEARCH_PATHS = "$(inherited) @executable_path/Frameworks";
				PRODUCT_BUNDLE_IDENTIFIER = hart.demoProject;
				PRODUCT_NAME = "$(TARGET_NAME)";
			};
			name = Debug;
		};
		44E0C8FF1CD7C2C300EFA315 /* Release */ = {
			isa = XCBuildConfiguration;
			buildSettings = {
				ASSETCATALOG_COMPILER_APPICON_NAME = AppIcon;
				INFOPLIST_FILE = demoProject/Info.plist;
				LD_RUNPATH_SEARCH_PATHS = "$(inherited) @executable_path/Frameworks";
				PRODUCT_BUNDLE_IDENTIFIER = hart.demoProject;
				PRODUCT_NAME = "$(TARGET_NAME)";
			};
			name = Release;
		};
/* End XCBuildConfiguration section */

/* Begin XCConfigurationList section */
		44E0C8E61CD7C2C300EFA315 /* Build configuration list for PBXProject "demoProject" */ = {
			isa = XCConfigurationList;
			buildConfigurations = (
				44E0C8FB1CD7C2C300EFA315 /* Debug */,
				44E0C8FC1CD7C2C300EFA315 /* Release */,
			);
			defaultConfigurationIsVisible = 0;
			defaultConfigurationName = Release;
		};
		44E0C8FD1CD7C2C300EFA315 /* Build configuration list for PBXNativeTarget "demoProject" */ = {
			isa = XCConfigurationList;
			buildConfigurations = (
				44E0C8FE1CD7C2C300EFA315 /* Debug */,
				44E0C8FF1CD7C2C300EFA315 /* Release */,
			);
			defaultConfigurationIsVisible = 0;
			defaultConfigurationName = Release;
		};
/* End XCConfigurationList section */
	};
	rootObject = 44E0C8E31CD7C2C300EFA315 /* Project object */;
}
